// !$*UTF8*$!
{
	archiveVersion = 1;
	classes = {
	};
	objectVersion = 48;
	objects = {

/* Begin PBXBuildFile section */
		1F7A8354202BFF5F00BDCE84 /* main.swift in Sources */ = {isa = PBXBuildFile; fileRef = 1F7A8353202BFF5F00BDCE84 /* main.swift */; };
		1F7A835D202C005E00BDCE84 /* DiffParser.swift in Sources */ = {isa = PBXBuildFile; fileRef = 1F7A835C202C005E00BDCE84 /* DiffParser.swift */; };
		1FA1BAFD2070D05F00FCC184 /* GitDiff.swift in Sources */ = {isa = PBXBuildFile; fileRef = 1FA1BAFC2070D05F00FCC184 /* GitDiff.swift */; };
		1FA1BAFF2070D0F500FCC184 /* GitIndex.swift in Sources */ = {isa = PBXBuildFile; fileRef = 1FA1BAFE2070D0F500FCC184 /* GitIndex.swift */; };
		1FA1BB012070D11D00FCC184 /* GitHunk.swift in Sources */ = {isa = PBXBuildFile; fileRef = 1FA1BB002070D11D00FCC184 /* GitHunk.swift */; };
		1FA1BB032070D16100FCC184 /* GitDiffLine.swift in Sources */ = {isa = PBXBuildFile; fileRef = 1FA1BB022070D16100FCC184 /* GitDiffLine.swift */; };
/* End PBXBuildFile section */

/* Begin PBXCopyFilesBuildPhase section */
		1F7A834E202BFF5F00BDCE84 /* CopyFiles */ = {
			isa = PBXCopyFilesBuildPhase;
			buildActionMask = 2147483647;
			dstPath = /usr/share/man/man1/;
			dstSubfolderSpec = 0;
			files = (
			);
			runOnlyForDeploymentPostprocessing = 1;
		};
/* End PBXCopyFilesBuildPhase section */

/* Begin PBXFileReference section */
		1F7A8350202BFF5F00BDCE84 /* GitDiffSwift */ = {isa = PBXFileReference; explicitFileType = "compiled.mach-o.executable"; includeInIndex = 0; path = GitDiffSwift; sourceTree = BUILT_PRODUCTS_DIR; };
		1F7A8353202BFF5F00BDCE84 /* main.swift */ = {isa = PBXFileReference; lastKnownFileType = sourcecode.swift; path = main.swift; sourceTree = "<group>"; };
		1F7A835C202C005E00BDCE84 /* DiffParser.swift */ = {isa = PBXFileReference; lastKnownFileType = sourcecode.swift; path = DiffParser.swift; sourceTree = "<group>"; };
		1FA1BAFC2070D05F00FCC184 /* GitDiff.swift */ = {isa = PBXFileReference; lastKnownFileType = sourcecode.swift; path = GitDiff.swift; sourceTree = "<group>"; };
		1FA1BAFE2070D0F500FCC184 /* GitIndex.swift */ = {isa = PBXFileReference; lastKnownFileType = sourcecode.swift; path = GitIndex.swift; sourceTree = "<group>"; };
		1FA1BB002070D11D00FCC184 /* GitHunk.swift */ = {isa = PBXFileReference; lastKnownFileType = sourcecode.swift; path = GitHunk.swift; sourceTree = "<group>"; };
		1FA1BB022070D16100FCC184 /* GitDiffLine.swift */ = {isa = PBXFileReference; lastKnownFileType = sourcecode.swift; path = GitDiffLine.swift; sourceTree = "<group>"; };
/* End PBXFileReference section */

/* Begin PBXFrameworksBuildPhase section */
		1F7A834D202BFF5F00BDCE84 /* Frameworks */ = {
			isa = PBXFrameworksBuildPhase;
			buildActionMask = 2147483647;
			files = (
			);
			runOnlyForDeploymentPostprocessing = 0;
		};
/* End PBXFrameworksBuildPhase section */

/* Begin PBXGroup section */
		1F7A8347202BFF5F00BDCE84 = {
			isa = PBXGroup;
			children = (
				1F7A8352202BFF5F00BDCE84 /* GitDiffSwift */,
				1F7A8351202BFF5F00BDCE84 /* Products */,
			);
			sourceTree = "<group>";
		};
		1F7A8351202BFF5F00BDCE84 /* Products */ = {
			isa = PBXGroup;
			children = (
				1F7A8350202BFF5F00BDCE84 /* GitDiffSwift */,
			);
			name = Products;
			sourceTree = "<group>";
		};
		1F7A8352202BFF5F00BDCE84 /* GitDiffSwift */ = {
			isa = PBXGroup;
			children = (
				1F7A8353202BFF5F00BDCE84 /* main.swift */,
				1FA1BB042070D1A700FCC184 /* Parser */,
				1FA1BAFB2070D04500FCC184 /* Models */,
			);
			path = GitDiffSwift;
			sourceTree = "<group>";
		};
		1FA1BAFB2070D04500FCC184 /* Models */ = {
			isa = PBXGroup;
			children = (
				1FA1BAFC2070D05F00FCC184 /* GitDiff.swift */,
				1FA1BAFE2070D0F500FCC184 /* GitIndex.swift */,
				1FA1BB002070D11D00FCC184 /* GitHunk.swift */,
				1FA1BB022070D16100FCC184 /* GitDiffLine.swift */,
			);
			path = Models;
			sourceTree = "<group>";
		};
		1FA1BB042070D1A700FCC184 /* Parser */ = {
			isa = PBXGroup;
			children = (
				1F7A835C202C005E00BDCE84 /* DiffParser.swift */,
			);
			path = Parser;
			sourceTree = "<group>";
		};
/* End PBXGroup section */

/* Begin PBXNativeTarget section */
		1F7A834F202BFF5F00BDCE84 /* GitDiffSwift */ = {
			isa = PBXNativeTarget;
			buildConfigurationList = 1F7A8357202BFF5F00BDCE84 /* Build configuration list for PBXNativeTarget "GitDiffSwift" */;
			buildPhases = (
				1F7A834C202BFF5F00BDCE84 /* Sources */,
				1F7A834D202BFF5F00BDCE84 /* Frameworks */,
				1F7A834E202BFF5F00BDCE84 /* CopyFiles */,
			);
			buildRules = (
			);
			dependencies = (
			);
			name = GitDiffSwift;
			productName = GitDiffSwift;
			productReference = 1F7A8350202BFF5F00BDCE84 /* GitDiffSwift */;
			productType = "com.apple.product-type.tool";
		};
/* End PBXNativeTarget section */

/* Begin PBXProject section */
		1F7A8348202BFF5F00BDCE84 /* Project object */ = {
			isa = PBXProject;
			attributes = {
				LastSwiftUpdateCheck = 0920;
				LastUpgradeCheck = 0920;
				ORGANIZATIONNAME = GitDiffSwift;
				TargetAttributes = {
					1F7A834F202BFF5F00BDCE84 = {
						CreatedOnToolsVersion = 9.2;
						ProvisioningStyle = Automatic;
					};
				};
			};
			buildConfigurationList = 1F7A834B202BFF5F00BDCE84 /* Build configuration list for PBXProject "GitDiffSwift" */;
			compatibilityVersion = "Xcode 8.0";
			developmentRegion = en;
			hasScannedForEncodings = 0;
			knownRegions = (
				en,
			);
			mainGroup = 1F7A8347202BFF5F00BDCE84;
			productRefGroup = 1F7A8351202BFF5F00BDCE84 /* Products */;
			projectDirPath = "";
			projectRoot = "";
			targets = (
				1F7A834F202BFF5F00BDCE84 /* GitDiffSwift */,
			);
		};
/* End PBXProject section */

/* Begin PBXSourcesBuildPhase section */
		1F7A834C202BFF5F00BDCE84 /* Sources */ = {
			isa = PBXSourcesBuildPhase;
			buildActionMask = 2147483647;
			files = (
				1FA1BB012070D11D00FCC184 /* GitHunk.swift in Sources */,
				1F7A835D202C005E00BDCE84 /* DiffParser.swift in Sources */,
				1FA1BB032070D16100FCC184 /* GitDiffLine.swift in Sources */,
				1FA1BAFD2070D05F00FCC184 /* GitDiff.swift in Sources */,
				1F7A8354202BFF5F00BDCE84 /* main.swift in Sources */,
				1FA1BAFF2070D0F500FCC184 /* GitIndex.swift in Sources */,
			);
			runOnlyForDeploymentPostprocessing = 0;
		};
/* End PBXSourcesBuildPhase section */

/* Begin XCBuildConfiguration section */
		1F7A8355202BFF5F00BDCE84 /* Debug */ = {
			isa = XCBuildConfiguration;
			buildSettings = {
				ALWAYS_SEARCH_USER_PATHS = NO;
				CLANG_ANALYZER_NONNULL = YES;
				CLANG_ANALYZER_NUMBER_OBJECT_CONVERSION = YES_AGGRESSIVE;
				CLANG_CXX_LANGUAGE_STANDARD = "gnu++14";
				CLANG_CXX_LIBRARY = "libc++";
				CLANG_ENABLE_MODULES = YES;
				CLANG_ENABLE_OBJC_ARC = YES;
				CLANG_WARN_BLOCK_CAPTURE_AUTORELEASING = YES;
				CLANG_WARN_BOOL_CONVERSION = YES;
				CLANG_WARN_COMMA = YES;
				CLANG_WARN_CONSTANT_CONVERSION = YES;
				CLANG_WARN_DIRECT_OBJC_ISA_USAGE = YES_ERROR;
				CLANG_WARN_DOCUMENTATION_COMMENTS = YES;
				CLANG_WARN_EMPTY_BODY = YES;
				CLANG_WARN_ENUM_CONVERSION = YES;
				CLANG_WARN_INFINITE_RECURSION = YES;
				CLANG_WARN_INT_CONVERSION = YES;
				CLANG_WARN_NON_LITERAL_NULL_CONVERSION = YES;
				CLANG_WARN_OBJC_LITERAL_CONVERSION = YES;
				CLANG_WARN_OBJC_ROOT_CLASS = YES_ERROR;
				CLANG_WARN_RANGE_LOOP_ANALYSIS = YES;
				CLANG_WARN_STRICT_PROTOTYPES = YES;
				CLANG_WARN_SUSPICIOUS_MOVE = YES;
				CLANG_WARN_UNGUARDED_AVAILABILITY = YES_AGGRESSIVE;
				CLANG_WARN_UNREACHABLE_CODE = YES;
				CLANG_WARN__DUPLICATE_METHOD_MATCH = YES;
				CODE_SIGN_IDENTITY = "-";
				COPY_PHASE_STRIP = NO;
				DEBUG_INFORMATION_FORMAT = dwarf;
				ENABLE_STRICT_OBJC_MSGSEND = YES;
				ENABLE_TESTABILITY = YES;
				GCC_C_LANGUAGE_STANDARD = gnu11;
				GCC_DYNAMIC_NO_PIC = NO;
				GCC_NO_COMMON_BLOCKS = YES;
				GCC_OPTIMIZATION_LEVEL = 0;
				GCC_PREPROCESSOR_DEFINITIONS = (
					"DEBUG=1",
					"$(inherited)",
				);
				GCC_WARN_64_TO_32_BIT_CONVERSION = YES;
				GCC_WARN_ABOUT_RETURN_TYPE = YES_ERROR;
				GCC_WARN_UNDECLARED_SELECTOR = YES;
				GCC_WARN_UNINITIALIZED_AUTOS = YES_AGGRESSIVE;
				GCC_WARN_UNUSED_FUNCTION = YES;
				GCC_WARN_UNUSED_VARIABLE = YES;
				MACOSX_DEPLOYMENT_TARGET = 10.12;
				MTL_ENABLE_DEBUG_INFO = YES;
				ONLY_ACTIVE_ARCH = YES;
				SDKROOT = macosx;
				SWIFT_ACTIVE_COMPILATION_CONDITIONS = DEBUG;
				SWIFT_OPTIMIZATION_LEVEL = "-Onone";
			};
			name = Debug;
		};
		1F7A8356202BFF5F00BDCE84 /* Release */ = {
			isa = XCBuildConfiguration;
			buildSettings = {
				ALWAYS_SEARCH_USER_PATHS = NO;
				CLANG_ANALYZER_NONNULL = YES;
				CLANG_ANALYZER_NUMBER_OBJECT_CONVERSION = YES_AGGRESSIVE;
				CLANG_CXX_LANGUAGE_STANDARD = "gnu++14";
				CLANG_CXX_LIBRARY = "libc++";
				CLANG_ENABLE_MODULES = YES;
				CLANG_ENABLE_OBJC_ARC = YES;
				CLANG_WARN_BLOCK_CAPTURE_AUTORELEASING = YES;
				CLANG_WARN_BOOL_CONVERSION = YES;
				CLANG_WARN_COMMA = YES;
				CLANG_WARN_CONSTANT_CONVERSION = YES;
				CLANG_WARN_DIRECT_OBJC_ISA_USAGE = YES_ERROR;
				CLANG_WARN_DOCUMENTATION_COMMENTS = YES;
				CLANG_WARN_EMPTY_BODY = YES;
				CLANG_WARN_ENUM_CONVERSION = YES;
				CLANG_WARN_INFINITE_RECURSION = YES;
				CLANG_WARN_INT_CONVERSION = YES;
				CLANG_WARN_NON_LITERAL_NULL_CONVERSION = YES;
				CLANG_WARN_OBJC_LITERAL_CONVERSION = YES;
				CLANG_WARN_OBJC_ROOT_CLASS = YES_ERROR;
				CLANG_WARN_RANGE_LOOP_ANALYSIS = YES;
				CLANG_WARN_STRICT_PROTOTYPES = YES;
				CLANG_WARN_SUSPICIOUS_MOVE = YES;
				CLANG_WARN_UNGUARDED_AVAILABILITY = YES_AGGRESSIVE;
				CLANG_WARN_UNREACHABLE_CODE = YES;
				CLANG_WARN__DUPLICATE_METHOD_MATCH = YES;
				CODE_SIGN_IDENTITY = "-";
				COPY_PHASE_STRIP = NO;
				DEBUG_INFORMATION_FORMAT = "dwarf-with-dsym";
				ENABLE_NS_ASSERTIONS = NO;
				ENABLE_STRICT_OBJC_MSGSEND = YES;
				GCC_C_LANGUAGE_STANDARD = gnu11;
				GCC_NO_COMMON_BLOCKS = YES;
				GCC_WARN_64_TO_32_BIT_CONVERSION = YES;
				GCC_WARN_ABOUT_RETURN_TYPE = YES_ERROR;
				GCC_WARN_UNDECLARED_SELECTOR = YES;
				GCC_WARN_UNINITIALIZED_AUTOS = YES_AGGRESSIVE;
				GCC_WARN_UNUSED_FUNCTION = YES;
				GCC_WARN_UNUSED_VARIABLE = YES;
				MACOSX_DEPLOYMENT_TARGET = 10.12;
				MTL_ENABLE_DEBUG_INFO = NO;
				SDKROOT = macosx;
				SWIFT_OPTIMIZATION_LEVEL = "-Owholemodule";
			};
			name = Release;
		};
		1F7A8358202BFF5F00BDCE84 /* Debug */ = {
			isa = XCBuildConfiguration;
			buildSettings = {
				CODE_SIGN_STYLE = Automatic;
				PRODUCT_NAME = "$(TARGET_NAME)";
				SWIFT_VERSION = 4.0;
			};
			name = Debug;
		};
		1F7A8359202BFF5F00BDCE84 /* Release */ = {
			isa = XCBuildConfiguration;
			buildSettings = {
				CODE_SIGN_STYLE = Automatic;
				PRODUCT_NAME = "$(TARGET_NAME)";
				SWIFT_VERSION = 4.0;
			};
			name = Release;
		};
/* End XCBuildConfiguration section */

/* Begin XCConfigurationList section */
		1F7A834B202BFF5F00BDCE84 /* Build configuration list for PBXProject "GitDiffSwift" */ = {
			isa = XCConfigurationList;
			buildConfigurations = (
				1F7A8355202BFF5F00BDCE84 /* Debug */,
				1F7A8356202BFF5F00BDCE84 /* Release */,
			);
			defaultConfigurationIsVisible = 0;
			defaultConfigurationName = Release;
		};
		1F7A8357202BFF5F00BDCE84 /* Build configuration list for PBXNativeTarget "GitDiffSwift" */ = {
			isa = XCConfigurationList;
			buildConfigurations = (
				1F7A8358202BFF5F00BDCE84 /* Debug */,
				1F7A8359202BFF5F00BDCE84 /* Release */,
			);
			defaultConfigurationIsVisible = 0;
			defaultConfigurationName = Release;
		};
/* End XCConfigurationList section */
	};
	rootObject = 1F7A8348202BFF5F00BDCE84 /* Project object */;
}
